
Microsoft Visual Studio Solution File, Format Version 12.00
# Visual Studio 15
VisualStudioVersion = 15.0.27130.2024
MinimumVisualStudioVersion = 10.0.40219.1
Project("{FAE04EC0-301F-11D3-BF4B-00C04F79EFBC}") = "Martix2", "Martix2.csproj", "{CC85D2AA-7853-4899-B275-CFAEBE161379}"
EndProject
Global
	GlobalSection(SolutionConfigurationPlatforms) = preSolution
		Debug|Any CPU = Debug|Any CPU
		Release|Any CPU = Release|Any CPU
	EndGlobalSection
	GlobalSection(ProjectConfigurationPlatforms) = postSolution
		{CC85D2AA-7853-4899-B275-CFAEBE161379}.Debug|Any CPU.ActiveCfg = Debug|Any CPU
		{CC85D2AA-7853-4899-B275-CFAEBE161379}.Debug|Any CPU.Build.0 = Debug|Any CPU
		{CC85D2AA-7853-4899-B275-CFAEBE161379}.Release|Any CPU.ActiveCfg = Release|Any CPU
		{CC85D2AA-7853-4899-B275-CFAEBE161379}.Release|Any CPU.Build.0 = Release|Any CPU
	EndGlobalSection
	GlobalSection(SolutionProperties) = preSolution
		HideSolutionNode = FALSE
	EndGlobalSection
	GlobalSection(ExtensibilityGlobals) = postSolution
		SolutionGuid = {BC3B5F0F-14FD-4D95-8EAB-6DB0C680E3BD}
	EndGlobalSection
EndGlobal
